
Microsoft Visual Studio Solution File, Format Version 12.00
# Visual Studio 2013
VisualStudioVersion = 12.0.31101.0
MinimumVisualStudioVersion = 10.0.40219.1
Project("{9092AA53-FB77-4645-B42D-1CCCA6BD08BD}") = "04.UserModule", "04.UserModule\04.UserModule.njsproj", "{1751B290-427B-409C-A5B7-5DD57B562F49}"
EndProject
Project("{9092AA53-FB77-4645-B42D-1CCCA6BD08BD}") = "02.PlusRemove", "02.PlusRemove\02.PlusRemove.njsproj", "{19692587-0273-4750-AA41-DE39911AA4E4}"
EndProject
Project("{9092AA53-FB77-4645-B42D-1CCCA6BD08BD}") = "01.EwoksFans", "01.EwoksFans\01.EwoksFans.njsproj", "{E55BFF3D-95E4-48A4-9F9D-778A4F3E7782}"
EndProject
Global
	GlobalSection(SolutionConfigurationPlatforms) = preSolution
		Debug|Any CPU = Debug|Any CPU
		Release|Any CPU = Release|Any CPU
	EndGlobalSection
	GlobalSection(ProjectConfigurationPlatforms) = postSolution
		{1751B290-427B-409C-A5B7-5DD57B562F49}.Debug|Any CPU.ActiveCfg = Debug|Any CPU
		{1751B290-427B-409C-A5B7-5DD57B562F49}.Debug|Any CPU.Build.0 = Debug|Any CPU
		{1751B290-427B-409C-A5B7-5DD57B562F49}.Release|Any CPU.ActiveCfg = Release|Any CPU
		{1751B290-427B-409C-A5B7-5DD57B562F49}.Release|Any CPU.Build.0 = Release|Any CPU
		{19692587-0273-4750-AA41-DE39911AA4E4}.Debug|Any CPU.ActiveCfg = Debug|Any CPU
		{19692587-0273-4750-AA41-DE39911AA4E4}.Debug|Any CPU.Build.0 = Debug|Any CPU
		{19692587-0273-4750-AA41-DE39911AA4E4}.Release|Any CPU.ActiveCfg = Release|Any CPU
		{19692587-0273-4750-AA41-DE39911AA4E4}.Release|Any CPU.Build.0 = Release|Any CPU
		{E55BFF3D-95E4-48A4-9F9D-778A4F3E7782}.Debug|Any CPU.ActiveCfg = Debug|Any CPU
		{E55BFF3D-95E4-48A4-9F9D-778A4F3E7782}.Debug|Any CPU.Build.0 = Debug|Any CPU
		{E55BFF3D-95E4-48A4-9F9D-778A4F3E7782}.Release|Any CPU.ActiveCfg = Release|Any CPU
		{E55BFF3D-95E4-48A4-9F9D-778A4F3E7782}.Release|Any CPU.Build.0 = Release|Any CPU
	EndGlobalSection
	GlobalSection(SolutionProperties) = preSolution
		HideSolutionNode = FALSE
	EndGlobalSection
EndGlobal
