
Microsoft Visual Studio Solution File, Format Version 12.00
# Visual Studio 2013
VisualStudioVersion = 12.0.31101.0
MinimumVisualStudioVersion = 10.0.40219.1
Project("{2150E333-8FDC-42A3-9474-1A3956D46DE8}") = "Solution Items", "Solution Items", "{444B2ECC-7CE2-448F-86E7-5F6FFC245B8C}"
	ProjectSection(SolutionItems) = preProject
		01.js = 01.js
		02.js = 02.js
		03.js = 03.js
		04.js = 04.js
		04.Lodash.js = 04.Lodash.js
		index.html = index.html
	EndProjectSection
EndProject
Global
	GlobalSection(SolutionProperties) = preSolution
		HideSolutionNode = FALSE
	EndGlobalSection
EndGlobal
