
Microsoft Visual Studio Solution File, Format Version 12.00
# Visual Studio 2013
VisualStudioVersion = 12.0.21005.1
MinimumVisualStudioVersion = 10.0.40219.1
Project("{2150E333-8FDC-42A3-9474-1A3956D46DE8}") = "01.WebsiteHeader", "01.WebsiteHeader", "{AE92E5FA-07F0-4EC6-96F9-40F9B1F005E0}"
	ProjectSection(SolutionItems) = preProject
		WebsiteHeader.css = WebsiteHeader.css
		WebsiteHeader.html = WebsiteHeader.html
	EndProjectSection
EndProject
Project("{2150E333-8FDC-42A3-9474-1A3956D46DE8}") = "02.WebsiteFooter", "02.WebsiteFooter", "{5787BB04-BC77-4613-AB95-FF2D65628914}"
	ProjectSection(SolutionItems) = preProject
		WebsiteFooter.css = WebsiteFooter.css
		WebsiteFooter.html = WebsiteFooter.html
	EndProjectSection
EndProject
Global
	GlobalSection(SolutionProperties) = preSolution
		HideSolutionNode = FALSE
	EndGlobalSection
EndGlobal
