
Microsoft Visual Studio Solution File, Format Version 12.00
# Visual Studio 2013
VisualStudioVersion = 12.0.31101.0
MinimumVisualStudioVersion = 10.0.40219.1
Project("{9092AA53-FB77-4645-B42D-1CCCA6BD08BD}") = "01.TetevenTrip", "01.TetevenTrip\01.TetevenTrip.njsproj", "{AB59D5AD-E3F0-4DEE-988B-2CB875A4763A}"
EndProject
Project("{9092AA53-FB77-4645-B42D-1CCCA6BD08BD}") = "02.Parachute", "02.Parachute\02.Parachute.njsproj", "{435AA43A-2E47-40E3-880B-DDB39A79F36E}"
EndProject
Project("{9092AA53-FB77-4645-B42D-1CCCA6BD08BD}") = "03.Chains", "03.Chains\03.Chains.njsproj", "{48215B29-3751-4711-99A8-E166260D6360}"
EndProject
Project("{9092AA53-FB77-4645-B42D-1CCCA6BD08BD}") = "04.Luggage", "04.Luggage\04.Luggage.njsproj", "{1822F0CF-9C34-4C1F-BD70-33067F9C4504}"
EndProject
Global
	GlobalSection(SolutionConfigurationPlatforms) = preSolution
		Debug|Any CPU = Debug|Any CPU
		Release|Any CPU = Release|Any CPU
	EndGlobalSection
	GlobalSection(ProjectConfigurationPlatforms) = postSolution
		{AB59D5AD-E3F0-4DEE-988B-2CB875A4763A}.Debug|Any CPU.ActiveCfg = Debug|Any CPU
		{AB59D5AD-E3F0-4DEE-988B-2CB875A4763A}.Debug|Any CPU.Build.0 = Debug|Any CPU
		{AB59D5AD-E3F0-4DEE-988B-2CB875A4763A}.Release|Any CPU.ActiveCfg = Release|Any CPU
		{AB59D5AD-E3F0-4DEE-988B-2CB875A4763A}.Release|Any CPU.Build.0 = Release|Any CPU
		{435AA43A-2E47-40E3-880B-DDB39A79F36E}.Debug|Any CPU.ActiveCfg = Debug|Any CPU
		{435AA43A-2E47-40E3-880B-DDB39A79F36E}.Debug|Any CPU.Build.0 = Debug|Any CPU
		{435AA43A-2E47-40E3-880B-DDB39A79F36E}.Release|Any CPU.ActiveCfg = Release|Any CPU
		{435AA43A-2E47-40E3-880B-DDB39A79F36E}.Release|Any CPU.Build.0 = Release|Any CPU
		{48215B29-3751-4711-99A8-E166260D6360}.Debug|Any CPU.ActiveCfg = Debug|Any CPU
		{48215B29-3751-4711-99A8-E166260D6360}.Debug|Any CPU.Build.0 = Debug|Any CPU
		{48215B29-3751-4711-99A8-E166260D6360}.Release|Any CPU.ActiveCfg = Release|Any CPU
		{48215B29-3751-4711-99A8-E166260D6360}.Release|Any CPU.Build.0 = Release|Any CPU
		{1822F0CF-9C34-4C1F-BD70-33067F9C4504}.Debug|Any CPU.ActiveCfg = Debug|Any CPU
		{1822F0CF-9C34-4C1F-BD70-33067F9C4504}.Debug|Any CPU.Build.0 = Debug|Any CPU
		{1822F0CF-9C34-4C1F-BD70-33067F9C4504}.Release|Any CPU.ActiveCfg = Release|Any CPU
		{1822F0CF-9C34-4C1F-BD70-33067F9C4504}.Release|Any CPU.Build.0 = Release|Any CPU
	EndGlobalSection
	GlobalSection(SolutionProperties) = preSolution
		HideSolutionNode = FALSE
	EndGlobalSection
EndGlobal
