
Microsoft Visual Studio Solution File, Format Version 12.00
# Visual Studio 2013
VisualStudioVersion = 12.0.31101.0
MinimumVisualStudioVersion = 10.0.40219.1
Project("{2150E333-8FDC-42A3-9474-1A3956D46DE8}") = "Solution Items", "Solution Items", "{A28DEB05-B007-4D34-AD0F-7C60D4F98A95}"
	ProjectSection(SolutionItems) = preProject
		01.RegistrationForm.html = 01.RegistrationForm.html
		02.EmailOnlyField.html = 02.EmailOnlyField.html
		03.ParagraphGenerator.html = 03.ParagraphGenerator.html
		04.HTMLGeneratorObject.html = 04.HTMLGeneratorObject.html
	EndProjectSection
EndProject
Global
	GlobalSection(SolutionProperties) = preSolution
		HideSolutionNode = FALSE
	EndGlobalSection
EndGlobal
