
Microsoft Visual Studio Solution File, Format Version 12.00
# Visual Studio 2013
VisualStudioVersion = 12.0.31101.0
MinimumVisualStudioVersion = 10.0.40219.1
Project("{FAE04EC0-301F-11D3-BF4B-00C04F79EFBC}") = "Egyptian Fractions", "Egyptian Fractions\Egyptian Fractions.csproj", "{D3938492-5A5A-4230-A66B-828476A8DE79}"
EndProject
Project("{FAE04EC0-301F-11D3-BF4B-00C04F79EFBC}") = "Fractional Knapsack", "Fractional Knapsack\Fractional Knapsack.csproj", "{8F48AC4C-A543-485B-9F11-7E50846C249B}"
EndProject
Project("{FAE04EC0-301F-11D3-BF4B-00C04F79EFBC}") = "Processor", "Processor\Processor.csproj", "{687F0340-76C9-413C-A251-1F64AD7DB7D8}"
EndProject
Project("{FAE04EC0-301F-11D3-BF4B-00C04F79EFBC}") = "BestLectures", "BestLectures\BestLectures.csproj", "{C32B03D6-AA70-4E95-9204-2852BF5004E8}"
EndProject
Global
	GlobalSection(SolutionConfigurationPlatforms) = preSolution
		Debug|Any CPU = Debug|Any CPU
		Release|Any CPU = Release|Any CPU
	EndGlobalSection
	GlobalSection(ProjectConfigurationPlatforms) = postSolution
		{D3938492-5A5A-4230-A66B-828476A8DE79}.Debug|Any CPU.ActiveCfg = Debug|Any CPU
		{D3938492-5A5A-4230-A66B-828476A8DE79}.Debug|Any CPU.Build.0 = Debug|Any CPU
		{D3938492-5A5A-4230-A66B-828476A8DE79}.Release|Any CPU.ActiveCfg = Release|Any CPU
		{D3938492-5A5A-4230-A66B-828476A8DE79}.Release|Any CPU.Build.0 = Release|Any CPU
		{8F48AC4C-A543-485B-9F11-7E50846C249B}.Debug|Any CPU.ActiveCfg = Debug|Any CPU
		{8F48AC4C-A543-485B-9F11-7E50846C249B}.Debug|Any CPU.Build.0 = Debug|Any CPU
		{8F48AC4C-A543-485B-9F11-7E50846C249B}.Release|Any CPU.ActiveCfg = Release|Any CPU
		{8F48AC4C-A543-485B-9F11-7E50846C249B}.Release|Any CPU.Build.0 = Release|Any CPU
		{687F0340-76C9-413C-A251-1F64AD7DB7D8}.Debug|Any CPU.ActiveCfg = Debug|Any CPU
		{687F0340-76C9-413C-A251-1F64AD7DB7D8}.Debug|Any CPU.Build.0 = Debug|Any CPU
		{687F0340-76C9-413C-A251-1F64AD7DB7D8}.Release|Any CPU.ActiveCfg = Release|Any CPU
		{687F0340-76C9-413C-A251-1F64AD7DB7D8}.Release|Any CPU.Build.0 = Release|Any CPU
		{C32B03D6-AA70-4E95-9204-2852BF5004E8}.Debug|Any CPU.ActiveCfg = Debug|Any CPU
		{C32B03D6-AA70-4E95-9204-2852BF5004E8}.Debug|Any CPU.Build.0 = Debug|Any CPU
		{C32B03D6-AA70-4E95-9204-2852BF5004E8}.Release|Any CPU.ActiveCfg = Release|Any CPU
		{C32B03D6-AA70-4E95-9204-2852BF5004E8}.Release|Any CPU.Build.0 = Release|Any CPU
	EndGlobalSection
	GlobalSection(SolutionProperties) = preSolution
		HideSolutionNode = FALSE
	EndGlobalSection
EndGlobal
