
Microsoft Visual Studio Solution File, Format Version 12.00
# Visual Studio 2013
VisualStudioVersion = 12.0.31101.0
MinimumVisualStudioVersion = 10.0.40219.1
Project("{FAE04EC0-301F-11D3-BF4B-00C04F79EFBC}") = "01.FindTheRoot", "01.FindTheRoot\01.FindTheRoot.csproj", "{D05AEF6B-F752-405D-BBAC-5ED61DF10831}"
EndProject
Project("{FAE04EC0-301F-11D3-BF4B-00C04F79EFBC}") = "02. Round Dance", "02. Round Dance\02. Round Dance.csproj", "{59DCB118-5B90-4813-8A4C-987606B8DAAF}"
EndProject
Project("{FAE04EC0-301F-11D3-BF4B-00C04F79EFBC}") = "03.Ride the Horse", "03.Ride the Horse\03.Ride the Horse.csproj", "{95909D84-B7DF-4863-89F2-7AFE50C44B25}"
EndProject
Global
	GlobalSection(SolutionConfigurationPlatforms) = preSolution
		Debug|Any CPU = Debug|Any CPU
		Release|Any CPU = Release|Any CPU
	EndGlobalSection
	GlobalSection(ProjectConfigurationPlatforms) = postSolution
		{D05AEF6B-F752-405D-BBAC-5ED61DF10831}.Debug|Any CPU.ActiveCfg = Debug|Any CPU
		{D05AEF6B-F752-405D-BBAC-5ED61DF10831}.Debug|Any CPU.Build.0 = Debug|Any CPU
		{D05AEF6B-F752-405D-BBAC-5ED61DF10831}.Release|Any CPU.ActiveCfg = Release|Any CPU
		{D05AEF6B-F752-405D-BBAC-5ED61DF10831}.Release|Any CPU.Build.0 = Release|Any CPU
		{59DCB118-5B90-4813-8A4C-987606B8DAAF}.Debug|Any CPU.ActiveCfg = Debug|Any CPU
		{59DCB118-5B90-4813-8A4C-987606B8DAAF}.Debug|Any CPU.Build.0 = Debug|Any CPU
		{59DCB118-5B90-4813-8A4C-987606B8DAAF}.Release|Any CPU.ActiveCfg = Release|Any CPU
		{59DCB118-5B90-4813-8A4C-987606B8DAAF}.Release|Any CPU.Build.0 = Release|Any CPU
		{95909D84-B7DF-4863-89F2-7AFE50C44B25}.Debug|Any CPU.ActiveCfg = Debug|Any CPU
		{95909D84-B7DF-4863-89F2-7AFE50C44B25}.Debug|Any CPU.Build.0 = Debug|Any CPU
		{95909D84-B7DF-4863-89F2-7AFE50C44B25}.Release|Any CPU.ActiveCfg = Release|Any CPU
		{95909D84-B7DF-4863-89F2-7AFE50C44B25}.Release|Any CPU.Build.0 = Release|Any CPU
	EndGlobalSection
	GlobalSection(SolutionProperties) = preSolution
		HideSolutionNode = FALSE
	EndGlobalSection
EndGlobal
