
Microsoft Visual Studio Solution File, Format Version 12.00
# Visual Studio 2013
VisualStudioVersion = 12.0.31101.0
MinimumVisualStudioVersion = 10.0.40219.1
Project("{FAE04EC0-301F-11D3-BF4B-00C04F79EFBC}") = "Event", "Event\Event.csproj", "{7D727322-B198-4866-BFD9-56CB98F854E2}"
EndProject
Project("{FAE04EC0-301F-11D3-BF4B-00C04F79EFBC}") = "Own Code", "Own Code\Own Code.csproj", "{2AEF0DCA-BEE5-46B2-8E8C-E098137AF853}"
EndProject
Project("{FAE04EC0-301F-11D3-BF4B-00C04F79EFBC}") = "Reformated own code", "Reformated own code\Reformated own code.csproj", "{DDA72307-366A-4211-AB8A-E85636934F86}"
EndProject
Global
	GlobalSection(SolutionConfigurationPlatforms) = preSolution
		Debug|Any CPU = Debug|Any CPU
		Release|Any CPU = Release|Any CPU
	EndGlobalSection
	GlobalSection(ProjectConfigurationPlatforms) = postSolution
		{7D727322-B198-4866-BFD9-56CB98F854E2}.Debug|Any CPU.ActiveCfg = Debug|Any CPU
		{7D727322-B198-4866-BFD9-56CB98F854E2}.Debug|Any CPU.Build.0 = Debug|Any CPU
		{7D727322-B198-4866-BFD9-56CB98F854E2}.Release|Any CPU.ActiveCfg = Release|Any CPU
		{7D727322-B198-4866-BFD9-56CB98F854E2}.Release|Any CPU.Build.0 = Release|Any CPU
		{2AEF0DCA-BEE5-46B2-8E8C-E098137AF853}.Debug|Any CPU.ActiveCfg = Debug|Any CPU
		{2AEF0DCA-BEE5-46B2-8E8C-E098137AF853}.Debug|Any CPU.Build.0 = Debug|Any CPU
		{2AEF0DCA-BEE5-46B2-8E8C-E098137AF853}.Release|Any CPU.ActiveCfg = Release|Any CPU
		{2AEF0DCA-BEE5-46B2-8E8C-E098137AF853}.Release|Any CPU.Build.0 = Release|Any CPU
		{DDA72307-366A-4211-AB8A-E85636934F86}.Debug|Any CPU.ActiveCfg = Debug|Any CPU
		{DDA72307-366A-4211-AB8A-E85636934F86}.Debug|Any CPU.Build.0 = Debug|Any CPU
		{DDA72307-366A-4211-AB8A-E85636934F86}.Release|Any CPU.ActiveCfg = Release|Any CPU
		{DDA72307-366A-4211-AB8A-E85636934F86}.Release|Any CPU.Build.0 = Release|Any CPU
	EndGlobalSection
	GlobalSection(SolutionProperties) = preSolution
		HideSolutionNode = FALSE
	EndGlobalSection
EndGlobal
