
Microsoft Visual Studio Solution File, Format Version 12.00
# Visual Studio 2013
VisualStudioVersion = 12.0.31101.0
MinimumVisualStudioVersion = 10.0.40219.1
Project("{FAE04EC0-301F-11D3-BF4B-00C04F79EFBC}") = "Shop.Models", "Shop.Models\Shop.Models.csproj", "{EB80C905-BC9C-461B-BE68-6209A9E7DA18}"
EndProject
Project("{FAE04EC0-301F-11D3-BF4B-00C04F79EFBC}") = "Shop.Data", "Shop.Data\Shop.Data.csproj", "{EA722E71-1711-4085-B67B-61C60B189C02}"
EndProject
Project("{FAE04EC0-301F-11D3-BF4B-00C04F79EFBC}") = "Shop.Client", "Shop.Client\Shop.Client.csproj", "{BA6768A7-7AC3-454C-B1B5-4C3D0564913E}"
EndProject
Global
	GlobalSection(SolutionConfigurationPlatforms) = preSolution
		Debug|Any CPU = Debug|Any CPU
		Release|Any CPU = Release|Any CPU
	EndGlobalSection
	GlobalSection(ProjectConfigurationPlatforms) = postSolution
		{EB80C905-BC9C-461B-BE68-6209A9E7DA18}.Debug|Any CPU.ActiveCfg = Debug|Any CPU
		{EB80C905-BC9C-461B-BE68-6209A9E7DA18}.Debug|Any CPU.Build.0 = Debug|Any CPU
		{EB80C905-BC9C-461B-BE68-6209A9E7DA18}.Release|Any CPU.ActiveCfg = Release|Any CPU
		{EB80C905-BC9C-461B-BE68-6209A9E7DA18}.Release|Any CPU.Build.0 = Release|Any CPU
		{EA722E71-1711-4085-B67B-61C60B189C02}.Debug|Any CPU.ActiveCfg = Debug|Any CPU
		{EA722E71-1711-4085-B67B-61C60B189C02}.Debug|Any CPU.Build.0 = Debug|Any CPU
		{EA722E71-1711-4085-B67B-61C60B189C02}.Release|Any CPU.ActiveCfg = Release|Any CPU
		{EA722E71-1711-4085-B67B-61C60B189C02}.Release|Any CPU.Build.0 = Release|Any CPU
		{BA6768A7-7AC3-454C-B1B5-4C3D0564913E}.Debug|Any CPU.ActiveCfg = Debug|Any CPU
		{BA6768A7-7AC3-454C-B1B5-4C3D0564913E}.Debug|Any CPU.Build.0 = Debug|Any CPU
		{BA6768A7-7AC3-454C-B1B5-4C3D0564913E}.Release|Any CPU.ActiveCfg = Release|Any CPU
		{BA6768A7-7AC3-454C-B1B5-4C3D0564913E}.Release|Any CPU.Build.0 = Release|Any CPU
	EndGlobalSection
	GlobalSection(SolutionProperties) = preSolution
		HideSolutionNode = FALSE
	EndGlobalSection
EndGlobal
