
Microsoft Visual Studio Solution File, Format Version 12.00
# Visual Studio Express 2013 for Windows Desktop
VisualStudioVersion = 12.0.30723.0
MinimumVisualStudioVersion = 10.0.40219.1
Project("{FAE04EC0-301F-11D3-BF4B-00C04F79EFBC}") = "03.Car", "03.Car\03.Car.csproj", "{F68B6127-BDD1-4435-9276-8DFEBE6B1425}"
EndProject
Project("{FAE04EC0-301F-11D3-BF4B-00C04F79EFBC}") = "05.DoubleDown", "05.DoubleDown\05.DoubleDown.csproj", "{B177B26B-6321-4295-9776-0B145FC8FDA8}"
EndProject
Project("{FAE04EC0-301F-11D3-BF4B-00C04F79EFBC}") = "04.ChessQueen", "04.ChessQueen\04.ChessQueen.csproj", "{3127BA95-08A6-4723-8BE3-E2C5C9A48D4F}"
EndProject
Project("{FAE04EC0-301F-11D3-BF4B-00C04F79EFBC}") = "02.BookOrders", "02.BookOrders\02.BookOrders.csproj", "{7FB1C5F4-C0E6-4728-ABCD-0A5348DE2A0E}"
EndProject
Project("{FAE04EC0-301F-11D3-BF4B-00C04F79EFBC}") = "01.Tables", "01.Tables\01.Tables.csproj", "{E9CEC91B-07E5-48A7-8343-B4ABF5E89083}"
EndProject
Global
	GlobalSection(SolutionConfigurationPlatforms) = preSolution
		Debug|Any CPU = Debug|Any CPU
		Release|Any CPU = Release|Any CPU
	EndGlobalSection
	GlobalSection(ProjectConfigurationPlatforms) = postSolution
		{F68B6127-BDD1-4435-9276-8DFEBE6B1425}.Debug|Any CPU.ActiveCfg = Debug|Any CPU
		{F68B6127-BDD1-4435-9276-8DFEBE6B1425}.Debug|Any CPU.Build.0 = Debug|Any CPU
		{F68B6127-BDD1-4435-9276-8DFEBE6B1425}.Release|Any CPU.ActiveCfg = Release|Any CPU
		{F68B6127-BDD1-4435-9276-8DFEBE6B1425}.Release|Any CPU.Build.0 = Release|Any CPU
		{B177B26B-6321-4295-9776-0B145FC8FDA8}.Debug|Any CPU.ActiveCfg = Debug|Any CPU
		{B177B26B-6321-4295-9776-0B145FC8FDA8}.Debug|Any CPU.Build.0 = Debug|Any CPU
		{B177B26B-6321-4295-9776-0B145FC8FDA8}.Release|Any CPU.ActiveCfg = Release|Any CPU
		{B177B26B-6321-4295-9776-0B145FC8FDA8}.Release|Any CPU.Build.0 = Release|Any CPU
		{3127BA95-08A6-4723-8BE3-E2C5C9A48D4F}.Debug|Any CPU.ActiveCfg = Debug|Any CPU
		{3127BA95-08A6-4723-8BE3-E2C5C9A48D4F}.Debug|Any CPU.Build.0 = Debug|Any CPU
		{3127BA95-08A6-4723-8BE3-E2C5C9A48D4F}.Release|Any CPU.ActiveCfg = Release|Any CPU
		{3127BA95-08A6-4723-8BE3-E2C5C9A48D4F}.Release|Any CPU.Build.0 = Release|Any CPU
		{7FB1C5F4-C0E6-4728-ABCD-0A5348DE2A0E}.Debug|Any CPU.ActiveCfg = Debug|Any CPU
		{7FB1C5F4-C0E6-4728-ABCD-0A5348DE2A0E}.Debug|Any CPU.Build.0 = Debug|Any CPU
		{7FB1C5F4-C0E6-4728-ABCD-0A5348DE2A0E}.Release|Any CPU.ActiveCfg = Release|Any CPU
		{7FB1C5F4-C0E6-4728-ABCD-0A5348DE2A0E}.Release|Any CPU.Build.0 = Release|Any CPU
		{E9CEC91B-07E5-48A7-8343-B4ABF5E89083}.Debug|Any CPU.ActiveCfg = Debug|Any CPU
		{E9CEC91B-07E5-48A7-8343-B4ABF5E89083}.Debug|Any CPU.Build.0 = Debug|Any CPU
		{E9CEC91B-07E5-48A7-8343-B4ABF5E89083}.Release|Any CPU.ActiveCfg = Release|Any CPU
		{E9CEC91B-07E5-48A7-8343-B4ABF5E89083}.Release|Any CPU.Build.0 = Release|Any CPU
	EndGlobalSection
	GlobalSection(SolutionProperties) = preSolution
		HideSolutionNode = FALSE
	EndGlobalSection
EndGlobal
