
Microsoft Visual Studio Solution File, Format Version 12.00
# Visual Studio 2013
VisualStudioVersion = 12.0.31101.0
MinimumVisualStudioVersion = 10.0.40219.1
Project("{FAE04EC0-301F-11D3-BF4B-00C04F79EFBC}") = "01.ShoppingCenter", "01.ShoppingCenter\01.ShoppingCenter.csproj", "{320D72E2-36D8-447C-8C51-EA6532146B9C}"
EndProject
Project("{FAE04EC0-301F-11D3-BF4B-00C04F79EFBC}") = "JudgeSingleFile", "JudgeSingleFile\JudgeSingleFile.csproj", "{5364FDCF-FE42-4949-8D0F-D196DA7205C9}"
EndProject
Global
	GlobalSection(SolutionConfigurationPlatforms) = preSolution
		Debug|Any CPU = Debug|Any CPU
		Release|Any CPU = Release|Any CPU
	EndGlobalSection
	GlobalSection(ProjectConfigurationPlatforms) = postSolution
		{320D72E2-36D8-447C-8C51-EA6532146B9C}.Debug|Any CPU.ActiveCfg = Debug|Any CPU
		{320D72E2-36D8-447C-8C51-EA6532146B9C}.Debug|Any CPU.Build.0 = Debug|Any CPU
		{320D72E2-36D8-447C-8C51-EA6532146B9C}.Release|Any CPU.ActiveCfg = Release|Any CPU
		{320D72E2-36D8-447C-8C51-EA6532146B9C}.Release|Any CPU.Build.0 = Release|Any CPU
		{5364FDCF-FE42-4949-8D0F-D196DA7205C9}.Debug|Any CPU.ActiveCfg = Debug|Any CPU
		{5364FDCF-FE42-4949-8D0F-D196DA7205C9}.Debug|Any CPU.Build.0 = Debug|Any CPU
		{5364FDCF-FE42-4949-8D0F-D196DA7205C9}.Release|Any CPU.ActiveCfg = Release|Any CPU
		{5364FDCF-FE42-4949-8D0F-D196DA7205C9}.Release|Any CPU.Build.0 = Release|Any CPU
	EndGlobalSection
	GlobalSection(SolutionProperties) = preSolution
		HideSolutionNode = FALSE
	EndGlobalSection
EndGlobal
