
Microsoft Visual Studio Solution File, Format Version 12.00
# Visual Studio 2013
VisualStudioVersion = 12.0.31101.0
MinimumVisualStudioVersion = 10.0.40219.1
Project("{FAE04EC0-301F-11D3-BF4B-00C04F79EFBC}") = "01.Binomial", "01.Binomial\01.Binomial.csproj", "{C90AA18E-E359-4ECA-B040-AB99401AC498}"
EndProject
Project("{FAE04EC0-301F-11D3-BF4B-00C04F79EFBC}") = "02.Zigzag Sequence", "02.Zigzag Sequence\02.Zigzag Sequence.csproj", "{90E3F406-C012-4784-95D4-AE5F20D1767E}"
EndProject
Project("{FAE04EC0-301F-11D3-BF4B-00C04F79EFBC}") = "03.Dividing Presents", "03.Dividing Presents\03.Dividing Presents.csproj", "{34C7ECD1-2281-4F0A-88B1-97DA5D0644CE}"
EndProject
Project("{FAE04EC0-301F-11D3-BF4B-00C04F79EFBC}") = "04.UnlimitedCoins", "04.UnlimitedCoins\04.UnlimitedCoins.csproj", "{5B9B3405-A904-468F-9A7C-522BC3CD3E4F}"
EndProject
Project("{FAE04EC0-301F-11D3-BF4B-00C04F79EFBC}") = "LimitedCoins", "LimitedCoins\LimitedCoins.csproj", "{F63659A1-58F1-4320-A7E7-407C2DA03BD3}"
EndProject
Global
	GlobalSection(SolutionConfigurationPlatforms) = preSolution
		Debug|Any CPU = Debug|Any CPU
		Release|Any CPU = Release|Any CPU
	EndGlobalSection
	GlobalSection(ProjectConfigurationPlatforms) = postSolution
		{C90AA18E-E359-4ECA-B040-AB99401AC498}.Debug|Any CPU.ActiveCfg = Debug|Any CPU
		{C90AA18E-E359-4ECA-B040-AB99401AC498}.Debug|Any CPU.Build.0 = Debug|Any CPU
		{C90AA18E-E359-4ECA-B040-AB99401AC498}.Release|Any CPU.ActiveCfg = Release|Any CPU
		{C90AA18E-E359-4ECA-B040-AB99401AC498}.Release|Any CPU.Build.0 = Release|Any CPU
		{90E3F406-C012-4784-95D4-AE5F20D1767E}.Debug|Any CPU.ActiveCfg = Debug|Any CPU
		{90E3F406-C012-4784-95D4-AE5F20D1767E}.Debug|Any CPU.Build.0 = Debug|Any CPU
		{90E3F406-C012-4784-95D4-AE5F20D1767E}.Release|Any CPU.ActiveCfg = Release|Any CPU
		{90E3F406-C012-4784-95D4-AE5F20D1767E}.Release|Any CPU.Build.0 = Release|Any CPU
		{34C7ECD1-2281-4F0A-88B1-97DA5D0644CE}.Debug|Any CPU.ActiveCfg = Debug|Any CPU
		{34C7ECD1-2281-4F0A-88B1-97DA5D0644CE}.Debug|Any CPU.Build.0 = Debug|Any CPU
		{34C7ECD1-2281-4F0A-88B1-97DA5D0644CE}.Release|Any CPU.ActiveCfg = Release|Any CPU
		{34C7ECD1-2281-4F0A-88B1-97DA5D0644CE}.Release|Any CPU.Build.0 = Release|Any CPU
		{5B9B3405-A904-468F-9A7C-522BC3CD3E4F}.Debug|Any CPU.ActiveCfg = Debug|Any CPU
		{5B9B3405-A904-468F-9A7C-522BC3CD3E4F}.Debug|Any CPU.Build.0 = Debug|Any CPU
		{5B9B3405-A904-468F-9A7C-522BC3CD3E4F}.Release|Any CPU.ActiveCfg = Release|Any CPU
		{5B9B3405-A904-468F-9A7C-522BC3CD3E4F}.Release|Any CPU.Build.0 = Release|Any CPU
		{F63659A1-58F1-4320-A7E7-407C2DA03BD3}.Debug|Any CPU.ActiveCfg = Debug|Any CPU
		{F63659A1-58F1-4320-A7E7-407C2DA03BD3}.Debug|Any CPU.Build.0 = Debug|Any CPU
		{F63659A1-58F1-4320-A7E7-407C2DA03BD3}.Release|Any CPU.ActiveCfg = Release|Any CPU
		{F63659A1-58F1-4320-A7E7-407C2DA03BD3}.Release|Any CPU.Build.0 = Release|Any CPU
	EndGlobalSection
	GlobalSection(SolutionProperties) = preSolution
		HideSolutionNode = FALSE
	EndGlobalSection
EndGlobal
