
Microsoft Visual Studio Solution File, Format Version 12.00
# Visual Studio 2013
VisualStudioVersion = 12.0.21005.1
MinimumVisualStudioVersion = 10.0.40219.1
Project("{FAE04EC0-301F-11D3-BF4B-00C04F79EFBC}") = "01.PiggyBank", "01.PiggyBank\01.PiggyBank.csproj", "{CA580146-8B5A-4C05-8AF3-E523F3BB8A3D}"
EndProject
Project("{FAE04EC0-301F-11D3-BF4B-00C04F79EFBC}") = "02.CheatSheet", "02.CheatSheet\02.CheatSheet.csproj", "{D20AC6CC-9A98-4D4A-BA74-E4BD0C80F9D6}"
EndProject
Global
	GlobalSection(SolutionConfigurationPlatforms) = preSolution
		Debug|Any CPU = Debug|Any CPU
		Release|Any CPU = Release|Any CPU
	EndGlobalSection
	GlobalSection(ProjectConfigurationPlatforms) = postSolution
		{CA580146-8B5A-4C05-8AF3-E523F3BB8A3D}.Debug|Any CPU.ActiveCfg = Debug|Any CPU
		{CA580146-8B5A-4C05-8AF3-E523F3BB8A3D}.Debug|Any CPU.Build.0 = Debug|Any CPU
		{CA580146-8B5A-4C05-8AF3-E523F3BB8A3D}.Release|Any CPU.ActiveCfg = Release|Any CPU
		{CA580146-8B5A-4C05-8AF3-E523F3BB8A3D}.Release|Any CPU.Build.0 = Release|Any CPU
		{D20AC6CC-9A98-4D4A-BA74-E4BD0C80F9D6}.Debug|Any CPU.ActiveCfg = Debug|Any CPU
		{D20AC6CC-9A98-4D4A-BA74-E4BD0C80F9D6}.Debug|Any CPU.Build.0 = Debug|Any CPU
		{D20AC6CC-9A98-4D4A-BA74-E4BD0C80F9D6}.Release|Any CPU.ActiveCfg = Release|Any CPU
		{D20AC6CC-9A98-4D4A-BA74-E4BD0C80F9D6}.Release|Any CPU.Build.0 = Release|Any CPU
	EndGlobalSection
	GlobalSection(SolutionProperties) = preSolution
		HideSolutionNode = FALSE
	EndGlobalSection
EndGlobal
