
Microsoft Visual Studio Solution File, Format Version 12.00
# Visual Studio 2013
VisualStudioVersion = 12.0.21005.1
MinimumVisualStudioVersion = 10.0.40219.1
Project("{2150E333-8FDC-42A3-9474-1A3956D46DE8}") = "01.WorldCup", "01.WorldCup", "{5B4651AE-6B01-4BC4-B4C5-9D3B306F698C}"
	ProjectSection(SolutionItems) = preProject
		reset.css = reset.css
		WorldCup.css = WorldCup.css
		WorldCup.html = WorldCup.html
	EndProjectSection
EndProject
Project("{2150E333-8FDC-42A3-9474-1A3956D46DE8}") = "02.ColorKitchen", "02.ColorKitchen", "{890C1975-E9C5-4701-9878-1B2EF30377C4}"
	ProjectSection(SolutionItems) = preProject
		ColorKitchen.css = ColorKitchen.css
		ColorKitchen.html = ColorKitchen.html
		ColorKitchen.png = ColorKitchen.png
	EndProjectSection
EndProject
Project("{2150E333-8FDC-42A3-9474-1A3956D46DE8}") = "03.Student", "03.Student", "{742602BD-55DE-4B2D-8AF8-C2550A7EDCDD}"
	ProjectSection(SolutionItems) = preProject
		Student.css = Student.css
		Student.html = Student.html
	EndProjectSection
EndProject
Global
	GlobalSection(SolutionProperties) = preSolution
		HideSolutionNode = FALSE
	EndGlobalSection
EndGlobal
