
Microsoft Visual Studio Solution File, Format Version 12.00
# Visual Studio 2013
VisualStudioVersion = 12.0.31101.0
MinimumVisualStudioVersion = 10.0.40219.1
Project("{2150E333-8FDC-42A3-9474-1A3956D46DE8}") = "P2", "P2", "{E962ECE9-5BCF-4CA0-946B-73A5407FCA40}"
	ProjectSection(SolutionItems) = preProject
		P2.html = P2.html
		P2.scss = P2.scss
	EndProjectSection
EndProject
Global
	GlobalSection(SolutionProperties) = preSolution
		HideSolutionNode = FALSE
	EndGlobalSection
EndGlobal
