
Microsoft Visual Studio Solution File, Format Version 12.00
# Visual Studio 2013
VisualStudioVersion = 12.0.31101.0
MinimumVisualStudioVersion = 10.0.40219.1
Project("{2150E333-8FDC-42A3-9474-1A3956D46DE8}") = "Solution Items", "Solution Items", "{442A8C89-CE4E-4F5E-AF06-3E5EA7A1BD05}"
	ProjectSection(SolutionItems) = preProject
		Catalog.xml = Catalog.xml
	EndProjectSection
EndProject
Project("{FAE04EC0-301F-11D3-BF4B-00C04F79EFBC}") = "02.Extract Album Names", "Extract Album Names\02.Extract Album Names.csproj", "{08154538-64DB-43A7-9C79-2A202962194F}"
EndProject
Project("{FAE04EC0-301F-11D3-BF4B-00C04F79EFBC}") = "03.Artists", "Artists\03.Artists.csproj", "{ADC905E4-CB7E-4A5E-9F99-D60A771F393C}"
EndProject
Project("{FAE04EC0-301F-11D3-BF4B-00C04F79EFBC}") = "04.Artits and albums", "04.Artits and albums\04.Artits and albums.csproj", "{38A5FBC1-5BCC-4F33-B466-ED4AC2B75815}"
EndProject
Project("{FAE04EC0-301F-11D3-BF4B-00C04F79EFBC}") = "05.Delete Albums", "05.Delete Albums\05.Delete Albums.csproj", "{2194DA3C-DCC4-4B53-B92F-022240422D3A}"
EndProject
Project("{FAE04EC0-301F-11D3-BF4B-00C04F79EFBC}") = "06.OldAlbums", "06.OldAlbums\06.OldAlbums.csproj", "{A2F35EF2-0CEA-4745-9A4E-1A77B4C24917}"
EndProject
Global
	GlobalSection(SolutionConfigurationPlatforms) = preSolution
		Debug|Any CPU = Debug|Any CPU
		Release|Any CPU = Release|Any CPU
	EndGlobalSection
	GlobalSection(ProjectConfigurationPlatforms) = postSolution
		{08154538-64DB-43A7-9C79-2A202962194F}.Debug|Any CPU.ActiveCfg = Debug|Any CPU
		{08154538-64DB-43A7-9C79-2A202962194F}.Debug|Any CPU.Build.0 = Debug|Any CPU
		{08154538-64DB-43A7-9C79-2A202962194F}.Release|Any CPU.ActiveCfg = Release|Any CPU
		{08154538-64DB-43A7-9C79-2A202962194F}.Release|Any CPU.Build.0 = Release|Any CPU
		{ADC905E4-CB7E-4A5E-9F99-D60A771F393C}.Debug|Any CPU.ActiveCfg = Debug|Any CPU
		{ADC905E4-CB7E-4A5E-9F99-D60A771F393C}.Debug|Any CPU.Build.0 = Debug|Any CPU
		{ADC905E4-CB7E-4A5E-9F99-D60A771F393C}.Release|Any CPU.ActiveCfg = Release|Any CPU
		{ADC905E4-CB7E-4A5E-9F99-D60A771F393C}.Release|Any CPU.Build.0 = Release|Any CPU
		{38A5FBC1-5BCC-4F33-B466-ED4AC2B75815}.Debug|Any CPU.ActiveCfg = Debug|Any CPU
		{38A5FBC1-5BCC-4F33-B466-ED4AC2B75815}.Debug|Any CPU.Build.0 = Debug|Any CPU
		{38A5FBC1-5BCC-4F33-B466-ED4AC2B75815}.Release|Any CPU.ActiveCfg = Release|Any CPU
		{38A5FBC1-5BCC-4F33-B466-ED4AC2B75815}.Release|Any CPU.Build.0 = Release|Any CPU
		{2194DA3C-DCC4-4B53-B92F-022240422D3A}.Debug|Any CPU.ActiveCfg = Debug|Any CPU
		{2194DA3C-DCC4-4B53-B92F-022240422D3A}.Debug|Any CPU.Build.0 = Debug|Any CPU
		{2194DA3C-DCC4-4B53-B92F-022240422D3A}.Release|Any CPU.ActiveCfg = Release|Any CPU
		{2194DA3C-DCC4-4B53-B92F-022240422D3A}.Release|Any CPU.Build.0 = Release|Any CPU
		{A2F35EF2-0CEA-4745-9A4E-1A77B4C24917}.Debug|Any CPU.ActiveCfg = Debug|Any CPU
		{A2F35EF2-0CEA-4745-9A4E-1A77B4C24917}.Debug|Any CPU.Build.0 = Debug|Any CPU
		{A2F35EF2-0CEA-4745-9A4E-1A77B4C24917}.Release|Any CPU.ActiveCfg = Release|Any CPU
		{A2F35EF2-0CEA-4745-9A4E-1A77B4C24917}.Release|Any CPU.Build.0 = Release|Any CPU
	EndGlobalSection
	GlobalSection(SolutionProperties) = preSolution
		HideSolutionNode = FALSE
	EndGlobalSection
EndGlobal
