
Microsoft Visual Studio Solution File, Format Version 12.00
# Visual Studio 2013
VisualStudioVersion = 12.0.31101.0
MinimumVisualStudioVersion = 10.0.40219.1
Project("{FAE04EC0-301F-11D3-BF4B-00C04F79EFBC}") = "P1.CommandInterpreter", "P1\P1.CommandInterpreter.csproj", "{C04D1862-8BFA-4363-B1D7-60D2557C90E5}"
EndProject
Project("{FAE04EC0-301F-11D3-BF4B-00C04F79EFBC}") = "P2", "P2\P2.csproj", "{B575410E-16D4-4F17-B71A-85B022362F9F}"
EndProject
Project("{FAE04EC0-301F-11D3-BF4B-00C04F79EFBC}") = "P3a.TextTransform", "P3\P3a.TextTransform.csproj", "{9C26EDE1-0EB6-4E58-8D85-023BBB8308B0}"
EndProject
Project("{FAE04EC0-301F-11D3-BF4B-00C04F79EFBC}") = "P4", "P4\P4.csproj", "{74B1CD4F-3709-46D5-958F-C6320A74C5BC}"
EndProject
Project("{FAE04EC0-301F-11D3-BF4B-00C04F79EFBC}") = "P3b.TextTransform", "P3.TextTransform\P3b.TextTransform.csproj", "{D2253AEE-F7AE-42B9-9359-74F05A060FF2}"
EndProject
Global
	GlobalSection(SolutionConfigurationPlatforms) = preSolution
		Debug|Any CPU = Debug|Any CPU
		Release|Any CPU = Release|Any CPU
	EndGlobalSection
	GlobalSection(ProjectConfigurationPlatforms) = postSolution
		{C04D1862-8BFA-4363-B1D7-60D2557C90E5}.Debug|Any CPU.ActiveCfg = Debug|Any CPU
		{C04D1862-8BFA-4363-B1D7-60D2557C90E5}.Debug|Any CPU.Build.0 = Debug|Any CPU
		{C04D1862-8BFA-4363-B1D7-60D2557C90E5}.Release|Any CPU.ActiveCfg = Release|Any CPU
		{C04D1862-8BFA-4363-B1D7-60D2557C90E5}.Release|Any CPU.Build.0 = Release|Any CPU
		{B575410E-16D4-4F17-B71A-85B022362F9F}.Debug|Any CPU.ActiveCfg = Debug|Any CPU
		{B575410E-16D4-4F17-B71A-85B022362F9F}.Debug|Any CPU.Build.0 = Debug|Any CPU
		{B575410E-16D4-4F17-B71A-85B022362F9F}.Release|Any CPU.ActiveCfg = Release|Any CPU
		{B575410E-16D4-4F17-B71A-85B022362F9F}.Release|Any CPU.Build.0 = Release|Any CPU
		{9C26EDE1-0EB6-4E58-8D85-023BBB8308B0}.Debug|Any CPU.ActiveCfg = Debug|Any CPU
		{9C26EDE1-0EB6-4E58-8D85-023BBB8308B0}.Debug|Any CPU.Build.0 = Debug|Any CPU
		{9C26EDE1-0EB6-4E58-8D85-023BBB8308B0}.Release|Any CPU.ActiveCfg = Release|Any CPU
		{9C26EDE1-0EB6-4E58-8D85-023BBB8308B0}.Release|Any CPU.Build.0 = Release|Any CPU
		{74B1CD4F-3709-46D5-958F-C6320A74C5BC}.Debug|Any CPU.ActiveCfg = Debug|Any CPU
		{74B1CD4F-3709-46D5-958F-C6320A74C5BC}.Debug|Any CPU.Build.0 = Debug|Any CPU
		{74B1CD4F-3709-46D5-958F-C6320A74C5BC}.Release|Any CPU.ActiveCfg = Release|Any CPU
		{74B1CD4F-3709-46D5-958F-C6320A74C5BC}.Release|Any CPU.Build.0 = Release|Any CPU
		{D2253AEE-F7AE-42B9-9359-74F05A060FF2}.Debug|Any CPU.ActiveCfg = Debug|Any CPU
		{D2253AEE-F7AE-42B9-9359-74F05A060FF2}.Debug|Any CPU.Build.0 = Debug|Any CPU
		{D2253AEE-F7AE-42B9-9359-74F05A060FF2}.Release|Any CPU.ActiveCfg = Release|Any CPU
		{D2253AEE-F7AE-42B9-9359-74F05A060FF2}.Release|Any CPU.Build.0 = Release|Any CPU
	EndGlobalSection
	GlobalSection(SolutionProperties) = preSolution
		HideSolutionNode = FALSE
	EndGlobalSection
EndGlobal
