
Microsoft Visual Studio Solution File, Format Version 12.00
# Visual Studio 2013
VisualStudioVersion = 12.0.31101.0
MinimumVisualStudioVersion = 10.0.40219.1
Project("{FAE04EC0-301F-11D3-BF4B-00C04F79EFBC}") = "01.SquareRoot", "01.SquareRoot\01.SquareRoot.csproj", "{F2B0AF6A-D920-4C81-8815-540D05A315C6}"
EndProject
Project("{FAE04EC0-301F-11D3-BF4B-00C04F79EFBC}") = "02.EnterNumbers", "02.EnterNumbers\02.EnterNumbers.csproj", "{56ECD25B-067F-44C8-AE44-E0710A618671}"
EndProject
Global
	GlobalSection(SolutionConfigurationPlatforms) = preSolution
		Debug|Any CPU = Debug|Any CPU
		Release|Any CPU = Release|Any CPU
	EndGlobalSection
	GlobalSection(ProjectConfigurationPlatforms) = postSolution
		{F2B0AF6A-D920-4C81-8815-540D05A315C6}.Debug|Any CPU.ActiveCfg = Debug|Any CPU
		{F2B0AF6A-D920-4C81-8815-540D05A315C6}.Debug|Any CPU.Build.0 = Debug|Any CPU
		{F2B0AF6A-D920-4C81-8815-540D05A315C6}.Release|Any CPU.ActiveCfg = Release|Any CPU
		{F2B0AF6A-D920-4C81-8815-540D05A315C6}.Release|Any CPU.Build.0 = Release|Any CPU
		{56ECD25B-067F-44C8-AE44-E0710A618671}.Debug|Any CPU.ActiveCfg = Debug|Any CPU
		{56ECD25B-067F-44C8-AE44-E0710A618671}.Debug|Any CPU.Build.0 = Debug|Any CPU
		{56ECD25B-067F-44C8-AE44-E0710A618671}.Release|Any CPU.ActiveCfg = Release|Any CPU
		{56ECD25B-067F-44C8-AE44-E0710A618671}.Release|Any CPU.Build.0 = Release|Any CPU
	EndGlobalSection
	GlobalSection(SolutionProperties) = preSolution
		HideSolutionNode = FALSE
	EndGlobalSection
EndGlobal
